
Microsoft Visual Studio Solution File, Format Version 12.00
# Visual Studio Version 17
VisualStudioVersion = 17.1.32210.238
MinimumVisualStudioVersion = 10.0.40219.1
Project("{FAE04EC0-301F-11D3-BF4B-00C04F79EFBC}") = "cotaparlamentar.api.v2", "cotaparlamentar.api.v2\cotaparlamentar.api.v2.csproj", "{91CDC932-11ED-4FFA-8707-1AEA0626FE42}"
EndProject
Project("{FAE04EC0-301F-11D3-BF4B-00C04F79EFBC}") = "Integration", "Integration\Integration.csproj", "{EB528145-1911-44C3-8D11-E441F3254386}"
EndProject
Global
	GlobalSection(SolutionConfigurationPlatforms) = preSolution
		Debug|Any CPU = Debug|Any CPU
		Release|Any CPU = Release|Any CPU
	EndGlobalSection
	GlobalSection(ProjectConfigurationPlatforms) = postSolution
		{91CDC932-11ED-4FFA-8707-1AEA0626FE42}.Debug|Any CPU.ActiveCfg = Debug|Any CPU
		{91CDC932-11ED-4FFA-8707-1AEA0626FE42}.Debug|Any CPU.Build.0 = Debug|Any CPU
		{91CDC932-11ED-4FFA-8707-1AEA0626FE42}.Release|Any CPU.ActiveCfg = Release|Any CPU
		{91CDC932-11ED-4FFA-8707-1AEA0626FE42}.Release|Any CPU.Build.0 = Release|Any CPU
		{EB528145-1911-44C3-8D11-E441F3254386}.Debug|Any CPU.ActiveCfg = Debug|Any CPU
		{EB528145-1911-44C3-8D11-E441F3254386}.Debug|Any CPU.Build.0 = Debug|Any CPU
		{EB528145-1911-44C3-8D11-E441F3254386}.Release|Any CPU.ActiveCfg = Release|Any CPU
		{EB528145-1911-44C3-8D11-E441F3254386}.Release|Any CPU.Build.0 = Release|Any CPU
	EndGlobalSection
	GlobalSection(SolutionProperties) = preSolution
		HideSolutionNode = FALSE
	EndGlobalSection
	GlobalSection(ExtensibilityGlobals) = postSolution
		SolutionGuid = {E89F3AB9-FF93-406E-A645-B4D74D45751D}
	EndGlobalSection
EndGlobal
